
Microsoft Visual Studio Solution File, Format Version 12.00
# Visual Studio 14
VisualStudioVersion = 14.0.25123.0
MinimumVisualStudioVersion = 10.0.40219.1
Project("{FAE04EC0-301F-11D3-BF4B-00C04F79EFBC}") = "Mether.Web3", "Mether.Web3\Mether.Web3.csproj", "{60CFCC6C-73B6-49CD-8F28-34C062E18A34}"
EndProject
Project("{2150E333-8FDC-42A3-9474-1A3956D46DE8}") = "Samples", "Samples", "{3D0F6AA8-B16E-4CCB-ACC5-3CBC8DD77DCF}"
EndProject
Project("{FAE04EC0-301F-11D3-BF4B-00C04F79EFBC}") = "Mether.Sample", "Mether.Sample\Mether.Sample.csproj", "{0493B624-6E9F-4775-83EA-FC1B3EA9960C}"
EndProject
Global
	GlobalSection(SolutionConfigurationPlatforms) = preSolution
		Debug|Any CPU = Debug|Any CPU
		Release|Any CPU = Release|Any CPU
	EndGlobalSection
	GlobalSection(ProjectConfigurationPlatforms) = postSolution
		{60CFCC6C-73B6-49CD-8F28-34C062E18A34}.Debug|Any CPU.ActiveCfg = Debug|Any CPU
		{60CFCC6C-73B6-49CD-8F28-34C062E18A34}.Debug|Any CPU.Build.0 = Debug|Any CPU
		{60CFCC6C-73B6-49CD-8F28-34C062E18A34}.Release|Any CPU.ActiveCfg = Release|Any CPU
		{60CFCC6C-73B6-49CD-8F28-34C062E18A34}.Release|Any CPU.Build.0 = Release|Any CPU
		{0493B624-6E9F-4775-83EA-FC1B3EA9960C}.Debug|Any CPU.ActiveCfg = Debug|Any CPU
		{0493B624-6E9F-4775-83EA-FC1B3EA9960C}.Debug|Any CPU.Build.0 = Debug|Any CPU
		{0493B624-6E9F-4775-83EA-FC1B3EA9960C}.Release|Any CPU.ActiveCfg = Release|Any CPU
		{0493B624-6E9F-4775-83EA-FC1B3EA9960C}.Release|Any CPU.Build.0 = Release|Any CPU
	EndGlobalSection
	GlobalSection(SolutionProperties) = preSolution
		HideSolutionNode = FALSE
	EndGlobalSection
	GlobalSection(NestedProjects) = preSolution
		{0493B624-6E9F-4775-83EA-FC1B3EA9960C} = {3D0F6AA8-B16E-4CCB-ACC5-3CBC8DD77DCF}
	EndGlobalSection
EndGlobal
